
Microsoft Visual Studio Solution File, Format Version 12.00
# Visual Studio Version 17
VisualStudioVersion = 17.4.33205.214
MinimumVisualStudioVersion = 10.0.40219.1
Project("{888888A0-9F3D-457C-B088-3A5042F75D52}") = "Danik def", "Danik def.pyproj", "{399AD741-9817-4CB1-B91F-B1E025AFA2AF}"
EndProject
Global
	GlobalSection(SolutionConfigurationPlatforms) = preSolution
		Debug|Any CPU = Debug|Any CPU
		Release|Any CPU = Release|Any CPU
	EndGlobalSection
	GlobalSection(ProjectConfigurationPlatforms) = postSolution
		{399AD741-9817-4CB1-B91F-B1E025AFA2AF}.Debug|Any CPU.ActiveCfg = Debug|Any CPU
		{399AD741-9817-4CB1-B91F-B1E025AFA2AF}.Release|Any CPU.ActiveCfg = Release|Any CPU
	EndGlobalSection
	GlobalSection(SolutionProperties) = preSolution
		HideSolutionNode = FALSE
	EndGlobalSection
	GlobalSection(ExtensibilityGlobals) = postSolution
		SolutionGuid = {23254694-16A9-4BCF-A421-CD7CFD3BB14C}
	EndGlobalSection
EndGlobal
